<?xml version="1.0" encoding="utf-8"?>
<Project ToolsVersion="4.0" xmlns="http://schemas.microsoft.com/developer/msbuild/2003">
  <ItemGroup>
    <Filter Include="Source Files">
      <UniqueIdentifier>{67fe48c3-48e5-44c7-9a09-b4a412f5ee2d}</UniqueIdentifier>
      <Extensions>cpp;c;cxx;def;odl;idl;hpj;bat;asm</Extensions>
    </Filter>
    <Filter Include="Source Files\win32">
      <UniqueIdentifier>{a03ea044-d3fd-4b1c-9259-8cb429c4aa48}</UniqueIdentifier>
    </Filter>
  </ItemGroup>
  <ItemGroup>
    <ClCompile Include="src\GLPixelFormat.cpp">
      <Filter>Source Files</Filter>
    </ClCompile>
    <ClCompile Include="src\GLRenderDriver.cpp">
      <Filter>Source Files</Filter>
    </ClCompile>
    <ClCompile Include="src\GLShader.cpp">
      <Filter>Source Files</Filter>
    </ClCompile>
    <ClCompile Include="src\GLTexture.cpp">
      <Filter>Source Files</Filter>
    </ClCompile>
    <ClCompile Include="src\GLRenderDll.cpp">
      <Filter>Source Files</Filter>
    </ClCompile>
    <ClCompile Include="src\GLShaderFactory.cpp">
      <Filter>Source Files</Filter>
    </ClCompile>
    <ClCompile Include="src\GLTextureFactory.cpp">
      <Filter>Source Files</Filter>
    </ClCompile>
    <ClCompile Include="src\GLIndexBuffer.cpp">
      <Filter>Source Files</Filter>
    </ClCompile>
    <ClCompile Include="src\GLVertexBuffer.cpp">
      <Filter>Source Files</Filter>
    </ClCompile>
    <ClCompile Include="src\win32\Win32Window.cpp">
      <Filter>Source Files\win32</Filter>
    </ClCompile>
  </ItemGroup>
  <ItemGroup>
    <ClInclude Include="include\GLConfig.h">
      <Filter>Source Files</Filter>
    </ClInclude>
    <ClInclude Include="include\GLPixelFormat.h">
      <Filter>Source Files</Filter>
    </ClInclude>
    <ClInclude Include="include\GLRenderDriver.h">
      <Filter>Source Files</Filter>
    </ClInclude>
    <ClInclude Include="include\GLShader.h">
      <Filter>Source Files</Filter>
    </ClInclude>
    <ClInclude Include="include\GLTexture.h">
      <Filter>Source Files</Filter>
    </ClInclude>
    <ClInclude Include="include\GLShaderFactory.h">
      <Filter>Source Files</Filter>
    </ClInclude>
    <ClInclude Include="include\GLTextureFactory.h">
      <Filter>Source Files</Filter>
    </ClInclude>
    <ClInclude Include="include\GLIndexBuffer.h">
      <Filter>Source Files</Filter>
    </ClInclude>
    <ClInclude Include="include\GLVertexBuffer.h">
      <Filter>Source Files</Filter>
    </ClInclude>
    <ClInclude Include="include\win32\Win32Window.h">
      <Filter>Source Files\win32</Filter>
    </ClInclude>
  </ItemGroup>
</Project>