<?xml version="1.0" encoding="utf-8"?>
<Project ToolsVersion="4.0" xmlns="http://schemas.microsoft.com/developer/msbuild/2003">
  <ItemGroup>
    <Filter Include="Source Files">
      <UniqueIdentifier>{a21d3470-fef0-4e92-b5d8-6f2f0fba805f}</UniqueIdentifier>
      <Extensions>cpp;c;cxx;def;odl;idl;hpj;bat;asm</Extensions>
    </Filter>
    <Filter Include="Source Files\CPUInfo">
      <UniqueIdentifier>{652c8d1a-4a75-445a-92d3-183055a32f2d}</UniqueIdentifier>
    </Filter>
  </ItemGroup>
  <ItemGroup>
    <ClInclude Include="include\PlatformConfig.h">
      <Filter>Source Files</Filter>
    </ClInclude>
    <ClInclude Include="include\GenericPlatformDriver.h">
      <Filter>Source Files</Filter>
    </ClInclude>
    <ClInclude Include="..\dependencies\CPUInfo\CPUInfo.h">
      <Filter>Source Files\CPUInfo</Filter>
    </ClInclude>
  </ItemGroup>
  <ItemGroup>
    <ClCompile Include="src\PlatformDll.cpp">
      <Filter>Source Files</Filter>
    </ClCompile>
    <ClCompile Include="src\GenericPlatformDriver.cpp">
      <Filter>Source Files</Filter>
    </ClCompile>
    <ClCompile Include="..\dependencies\CPUInfo\CPUInfo.cpp">
      <Filter>Source Files\CPUInfo</Filter>
    </ClCompile>
  </ItemGroup>
</Project>