<?xml version="1.0" encoding="utf-8"?>
<Project ToolsVersion="4.0" xmlns="http://schemas.microsoft.com/developer/msbuild/2003">
  <ItemGroup>
    <Filter Include="Source Files">
      <UniqueIdentifier>{54042261-9619-4fa8-8349-b5cc28914cac}</UniqueIdentifier>
      <Extensions>cpp;c;cxx;def;odl;idl;hpj;bat;asm</Extensions>
    </Filter>
  </ItemGroup>
  <ItemGroup>
    <ClInclude Include="include\BulletBody.h">
      <Filter>Source Files</Filter>
    </ClInclude>
    <ClInclude Include="include\BulletBodyFactory.h">
      <Filter>Source Files</Filter>
    </ClInclude>
    <ClInclude Include="include\BulletConfig.h">
      <Filter>Source Files</Filter>
    </ClInclude>
    <ClInclude Include="include\BulletJoint.h">
      <Filter>Source Files</Filter>
    </ClInclude>
    <ClInclude Include="include\BulletJointFactory.h">
      <Filter>Source Files</Filter>
    </ClInclude>
    <ClInclude Include="include\BulletMaterialFactory.h">
      <Filter>Source Files</Filter>
    </ClInclude>
    <ClInclude Include="include\BulletPhysicsDriver.h">
      <Filter>Source Files</Filter>
    </ClInclude>
    <ClInclude Include="include\BulletShape.h">
      <Filter>Source Files</Filter>
    </ClInclude>
    <ClInclude Include="include\BulletShapeFactory.h">
      <Filter>Source Files</Filter>
    </ClInclude>
  </ItemGroup>
  <ItemGroup>
    <ClCompile Include="src\BulletBody.cpp">
      <Filter>Source Files</Filter>
    </ClCompile>
    <ClCompile Include="src\BulletBodyFactory.cpp">
      <Filter>Source Files</Filter>
    </ClCompile>
    <ClCompile Include="src\BulletJoint.cpp">
      <Filter>Source Files</Filter>
    </ClCompile>
    <ClCompile Include="src\BulletJointFactory.cpp">
      <Filter>Source Files</Filter>
    </ClCompile>
    <ClCompile Include="src\BulletMaterialFactory.cpp">
      <Filter>Source Files</Filter>
    </ClCompile>
    <ClCompile Include="src\BulletPhysicsDriver.cpp">
      <Filter>Source Files</Filter>
    </ClCompile>
    <ClCompile Include="src\BulletShape.cpp">
      <Filter>Source Files</Filter>
    </ClCompile>
    <ClCompile Include="src\BulletShapeFactory.cpp">
      <Filter>Source Files</Filter>
    </ClCompile>
    <ClCompile Include="src\GameBulletPhysicsDll.cpp">
      <Filter>Source Files</Filter>
    </ClCompile>
  </ItemGroup>
</Project>