
Microsoft Visual Studio Solution File, Format Version 11.00
# Visual Studio 2010
Project("{8BC9CEB8-8B4A-11D0-8D11-00A0C91BC942}") = "LinearMath", "LinearMath.vcxproj", "{1FDED2D4-A5B0-E248-80AE-E92B271A8229}"
EndProject
Project("{8BC9CEB8-8B4A-11D0-8D11-00A0C91BC942}") = "BulletCollision", "BulletCollision.vcxproj", "{5110055D-FFF2-8C47-8E6B-459EF0745BA6}"
EndProject
Project("{8BC9CEB8-8B4A-11D0-8D11-00A0C91BC942}") = "BulletDynamics", "BulletDynamics.vcxproj", "{2768B9FE-75A7-F342-8CDD-45FAAFCE7B52}"
EndProject
Project("{8BC9CEB8-8B4A-11D0-8D11-00A0C91BC942}") = "BulletSoftBody", "BulletSoftBody.vcxproj", "{2367FD78-EC9B-4D43-AED2-42A5F1AAD636}"
EndProject
Global
	GlobalSection(SolutionConfigurationPlatforms) = preSolution
		Debug|Win32 = Debug|Win32
		Debug|x64 = Debug|x64
		Release|Win32 = Release|Win32
		Release|x64 = Release|x64
	EndGlobalSection
	GlobalSection(ProjectConfigurationPlatforms) = postSolution
		{1FDED2D4-A5B0-E248-80AE-E92B271A8229}.Debug|Win32.ActiveCfg = Debug|Win32
		{1FDED2D4-A5B0-E248-80AE-E92B271A8229}.Debug|Win32.Build.0 = Debug|Win32
		{1FDED2D4-A5B0-E248-80AE-E92B271A8229}.Debug|x64.ActiveCfg = Debug|x64
		{1FDED2D4-A5B0-E248-80AE-E92B271A8229}.Debug|x64.Build.0 = Debug|x64
		{1FDED2D4-A5B0-E248-80AE-E92B271A8229}.Release|Win32.ActiveCfg = Release|Win32
		{1FDED2D4-A5B0-E248-80AE-E92B271A8229}.Release|Win32.Build.0 = Release|Win32
		{1FDED2D4-A5B0-E248-80AE-E92B271A8229}.Release|x64.ActiveCfg = Release|x64
		{1FDED2D4-A5B0-E248-80AE-E92B271A8229}.Release|x64.Build.0 = Release|x64
		{5110055D-FFF2-8C47-8E6B-459EF0745BA6}.Debug|Win32.ActiveCfg = Debug|Win32
		{5110055D-FFF2-8C47-8E6B-459EF0745BA6}.Debug|Win32.Build.0 = Debug|Win32
		{5110055D-FFF2-8C47-8E6B-459EF0745BA6}.Debug|x64.ActiveCfg = Debug|x64
		{5110055D-FFF2-8C47-8E6B-459EF0745BA6}.Debug|x64.Build.0 = Debug|x64
		{5110055D-FFF2-8C47-8E6B-459EF0745BA6}.Release|Win32.ActiveCfg = Release|Win32
		{5110055D-FFF2-8C47-8E6B-459EF0745BA6}.Release|Win32.Build.0 = Release|Win32
		{5110055D-FFF2-8C47-8E6B-459EF0745BA6}.Release|x64.ActiveCfg = Release|x64
		{5110055D-FFF2-8C47-8E6B-459EF0745BA6}.Release|x64.Build.0 = Release|x64
		{2768B9FE-75A7-F342-8CDD-45FAAFCE7B52}.Debug|Win32.ActiveCfg = Debug|Win32
		{2768B9FE-75A7-F342-8CDD-45FAAFCE7B52}.Debug|Win32.Build.0 = Debug|Win32
		{2768B9FE-75A7-F342-8CDD-45FAAFCE7B52}.Debug|x64.ActiveCfg = Debug|x64
		{2768B9FE-75A7-F342-8CDD-45FAAFCE7B52}.Debug|x64.Build.0 = Debug|x64
		{2768B9FE-75A7-F342-8CDD-45FAAFCE7B52}.Release|Win32.ActiveCfg = Release|Win32
		{2768B9FE-75A7-F342-8CDD-45FAAFCE7B52}.Release|Win32.Build.0 = Release|Win32
		{2768B9FE-75A7-F342-8CDD-45FAAFCE7B52}.Release|x64.ActiveCfg = Release|x64
		{2768B9FE-75A7-F342-8CDD-45FAAFCE7B52}.Release|x64.Build.0 = Release|x64
		{2367FD78-EC9B-4D43-AED2-42A5F1AAD636}.Debug|Win32.ActiveCfg = Debug|Win32
		{2367FD78-EC9B-4D43-AED2-42A5F1AAD636}.Debug|Win32.Build.0 = Debug|Win32
		{2367FD78-EC9B-4D43-AED2-42A5F1AAD636}.Debug|x64.ActiveCfg = Debug|x64
		{2367FD78-EC9B-4D43-AED2-42A5F1AAD636}.Debug|x64.Build.0 = Debug|x64
		{2367FD78-EC9B-4D43-AED2-42A5F1AAD636}.Release|Win32.ActiveCfg = Release|Win32
		{2367FD78-EC9B-4D43-AED2-42A5F1AAD636}.Release|Win32.Build.0 = Release|Win32
		{2367FD78-EC9B-4D43-AED2-42A5F1AAD636}.Release|x64.ActiveCfg = Release|x64
		{2367FD78-EC9B-4D43-AED2-42A5F1AAD636}.Release|x64.Build.0 = Release|x64
	EndGlobalSection
	GlobalSection(SolutionProperties) = preSolution
		HideSolutionNode = FALSE
	EndGlobalSection
EndGlobal
