<?xml version="1.0" encoding="utf-8"?>
<Project ToolsVersion="4.0" xmlns="http://schemas.microsoft.com/developer/msbuild/2003">
  <ItemGroup>
    <Filter Include="Source Files">
      <UniqueIdentifier>{fa0116f3-6fc5-4163-ba23-b696eff316cb}</UniqueIdentifier>
      <Extensions>cpp;c;cxx;def;odl;idl;hpj;bat;asm</Extensions>
    </Filter>
    <Filter Include="Source Files\alure">
      <UniqueIdentifier>{fd7b517b-cf98-490c-93a0-9380de3e5835}</UniqueIdentifier>
    </Filter>
  </ItemGroup>
  <ItemGroup>
    <ClInclude Include="include\OpenALConfig.h">
      <Filter>Source Files</Filter>
    </ClInclude>
    <ClInclude Include="include\OpenALSoundDriver.h">
      <Filter>Source Files</Filter>
    </ClInclude>
    <ClInclude Include="include\OpenALSound.h">
      <Filter>Source Files</Filter>
    </ClInclude>
    <ClInclude Include="include\OpenALSoundData.h">
      <Filter>Source Files</Filter>
    </ClInclude>
    <ClInclude Include="..\..\dependencies\alure\include\AL\config.h">
      <Filter>Source Files\alure</Filter>
    </ClInclude>
    <ClInclude Include="include\OpenALSoundFactory.h">
      <Filter>Source Files</Filter>
    </ClInclude>
    <ClInclude Include="include\OpenALSoundDataFactory.h">
      <Filter>Source Files</Filter>
    </ClInclude>
    <ClInclude Include="..\..\dependencies\alure\include\AL\alure.h">
      <Filter>Source Files\alure</Filter>
    </ClInclude>
  </ItemGroup>
  <ItemGroup>
    <ClCompile Include="src\OpenALSound.cpp">
      <Filter>Source Files</Filter>
    </ClCompile>
    <ClCompile Include="src\OpenALSoundData.cpp">
      <Filter>Source Files</Filter>
    </ClCompile>
    <ClCompile Include="src\OpenALSoundDriver.cpp">
      <Filter>Source Files</Filter>
    </ClCompile>
    <ClCompile Include="src\OpenALSoundDll.cpp">
      <Filter>Source Files</Filter>
    </ClCompile>
    <ClCompile Include="..\..\dependencies\alure\src\alure.cpp">
      <Filter>Source Files\alure</Filter>
    </ClCompile>
    <ClCompile Include="..\..\dependencies\alure\src\buffer.cpp">
      <Filter>Source Files\alure</Filter>
    </ClCompile>
    <ClCompile Include="..\..\dependencies\alure\src\codec_aiff.cpp">
      <Filter>Source Files\alure</Filter>
    </ClCompile>
    <ClCompile Include="..\..\dependencies\alure\src\codec_vorbisfile.cpp">
      <Filter>Source Files\alure</Filter>
    </ClCompile>
    <ClCompile Include="..\..\dependencies\alure\src\codec_wav.cpp">
      <Filter>Source Files\alure</Filter>
    </ClCompile>
    <ClCompile Include="..\..\dependencies\alure\src\istream.cpp">
      <Filter>Source Files\alure</Filter>
    </ClCompile>
    <ClCompile Include="..\..\dependencies\alure\src\stream.cpp">
      <Filter>Source Files\alure</Filter>
    </ClCompile>
    <ClCompile Include="..\..\dependencies\alure\src\streamdec.cpp">
      <Filter>Source Files\alure</Filter>
    </ClCompile>
    <ClCompile Include="..\..\dependencies\alure\src\streamplay.cpp">
      <Filter>Source Files\alure</Filter>
    </ClCompile>
    <ClCompile Include="src\OpenALSoundFactory.cpp">
      <Filter>Source Files</Filter>
    </ClCompile>
    <ClCompile Include="src\OpenALSoundDataFactory.cpp">
      <Filter>Source Files</Filter>
    </ClCompile>
  </ItemGroup>
</Project>