<?xml version="1.0" encoding="utf-8"?>
<Project ToolsVersion="4.0" xmlns="http://schemas.microsoft.com/developer/msbuild/2003">
  <ItemGroup>
    <Filter Include="Source Files">
      <UniqueIdentifier>{5f82ad1e-1478-4a6c-b133-74f7a1d5be17}</UniqueIdentifier>
      <Extensions>cpp;c;cxx;def;odl;idl;hpj;bat;asm</Extensions>
    </Filter>
  </ItemGroup>
  <ItemGroup>
    <ClCompile Include="src\BodySerializer.cpp">
      <Filter>Source Files</Filter>
    </ClCompile>
    <ClCompile Include="src\FontSerializer.cpp">
      <Filter>Source Files</Filter>
    </ClCompile>
    <ClCompile Include="src\MaterialSerializer.cpp">
      <Filter>Source Files</Filter>
    </ClCompile>
    <ClCompile Include="src\MeshSerializer.cpp">
      <Filter>Source Files</Filter>
    </ClCompile>
    <ClCompile Include="src\ResourceDll.cpp">
      <Filter>Source Files</Filter>
    </ClCompile>
    <ClCompile Include="src\TextureSerializer.cpp">
      <Filter>Source Files</Filter>
    </ClCompile>
  </ItemGroup>
  <ItemGroup>
    <ClInclude Include="include\BodySerializer.h">
      <Filter>Source Files</Filter>
    </ClInclude>
    <ClInclude Include="include\Config.h">
      <Filter>Source Files</Filter>
    </ClInclude>
    <ClInclude Include="include\FontSerializer.h">
      <Filter>Source Files</Filter>
    </ClInclude>
    <ClInclude Include="include\MaterialSerializer.h">
      <Filter>Source Files</Filter>
    </ClInclude>
    <ClInclude Include="include\MeshSerializer.h">
      <Filter>Source Files</Filter>
    </ClInclude>
    <ClInclude Include="include\TextureSerializer.h">
      <Filter>Source Files</Filter>
    </ClInclude>
  </ItemGroup>
</Project>